
Microsoft Visual Studio Solution File, Format Version 12.00
Project("{FAE04EC0-301F-11D3-BF4B-00C04F79EFBC}") = "MikroSharp", "MikroSharp\MikroSharp.csproj", "{63211E57-A15A-40BE-AB31-580CC09604B1}"
EndProject
Project("{FAE04EC0-301F-11D3-BF4B-00C04F79EFBC}") = "Sample", "Sample\Sample.csproj", "{5E68DFA7-0DAF-4E06-BA18-396DCCA005F2}"
EndProject
Global
	GlobalSection(SolutionConfigurationPlatforms) = preSolution
		Debug|Any CPU = Debug|Any CPU
		Release|Any CPU = Release|Any CPU
	EndGlobalSection
	GlobalSection(ProjectConfigurationPlatforms) = postSolution
		{63211E57-A15A-40BE-AB31-580CC09604B1}.Debug|Any CPU.ActiveCfg = Debug|Any CPU
		{63211E57-A15A-40BE-AB31-580CC09604B1}.Debug|Any CPU.Build.0 = Debug|Any CPU
		{63211E57-A15A-40BE-AB31-580CC09604B1}.Release|Any CPU.ActiveCfg = Release|Any CPU
		{63211E57-A15A-40BE-AB31-580CC09604B1}.Release|Any CPU.Build.0 = Release|Any CPU
		{5E68DFA7-0DAF-4E06-BA18-396DCCA005F2}.Debug|Any CPU.ActiveCfg = Debug|Any CPU
		{5E68DFA7-0DAF-4E06-BA18-396DCCA005F2}.Debug|Any CPU.Build.0 = Debug|Any CPU
		{5E68DFA7-0DAF-4E06-BA18-396DCCA005F2}.Release|Any CPU.ActiveCfg = Release|Any CPU
		{5E68DFA7-0DAF-4E06-BA18-396DCCA005F2}.Release|Any CPU.Build.0 = Release|Any CPU
	EndGlobalSection
EndGlobal
